{
  "version": 4,
  "terraform_version": "0.13.5",
  "serial": 5,
  "lineage": "0eb51dcf-417c-d2cb-708a-f401ea880317",
  "outputs": {},
  "resources": [
    {
      "mode": "managed",
      "type": "google_compute_firewall",
      "name": "http-server",
      "provider": "provider[\"registry.terraform.io/hashicorp/google\"]",
      "instances": [
        {
          "schema_version": 1,
          "attributes": {
            "allow": [
              {
                "ports": [
                  "80"
                ],
                "protocol": "tcp"
              }
            ],
            "creation_timestamp": "2020-11-11T07:58:52.075-08:00",
            "deny": [],
            "description": "",
            "destination_ranges": [],
            "direction": "INGRESS",
            "disabled": false,
            "enable_logging": null,
            "id": "projects/evident-door-274121/global/firewalls/default-allow-http-terraform",
            "log_config": [],
            "name": "default-allow-http-terraform",
            "network": "https://www.googleapis.com/compute/v1/projects/evident-door-274121/global/networks/default",
            "priority": 1000,
            "project": "evident-door-274121",
            "self_link": "https://www.googleapis.com/compute/v1/projects/evident-door-274121/global/firewalls/default-allow-http-terraform",
            "source_ranges": [
              "0.0.0.0/0"
            ],
            "source_service_accounts": [],
            "source_tags": [],
            "target_service_accounts": [],
            "target_tags": [
              "http-server"
            ],
            "timeouts": null
          },
          "private": "eyJlMmJmYjczMC1lY2FhLTExZTYtOGY4OC0zNDM2M2JjN2M0YzAiOnsiY3JlYXRlIjoyNDAwMDAwMDAwMDAsImRlbGV0ZSI6MjQwMDAwMDAwMDAwLCJ1cGRhdGUiOjI0MDAwMDAwMDAwMH0sInNjaGVtYV92ZXJzaW9uIjoiMSJ9"
        }
      ]
    }
  ]
}
